
Microsoft Visual Studio Solution File, Format Version 12.00
# Visual Studio 15
VisualStudioVersion = 15.0.27428.2043
MinimumVisualStudioVersion = 10.0.40219.1
Project("{8BC9CEB8-8B4A-11D0-8D11-00A0C91BC942}") = "secretIzm", "secretIzm\secretIzm.vcxproj", "{D8E79356-0AF9-4AB7-87DD-E5CE36EBDFFD}"
EndProject
Project("{8BC9CEB8-8B4A-11D0-8D11-00A0C91BC942}") = "ctpax", "..\ctpax\ctpax\ctpax.vcxproj", "{AF7EA230-316E-4E06-8483-59D0BC30EDFA}"
EndProject
Project("{8BC9CEB8-8B4A-11D0-8D11-00A0C91BC942}") = "Vektor", "..\Vektor\Vektor\Vektor.vcxproj", "{02666DE7-1CDD-481A-B920-73578DD21345}"
EndProject
Project("{8BC9CEB8-8B4A-11D0-8D11-00A0C91BC942}") = "Тоха!", "..\Тоха!\Тоха!\Тоха!.vcxproj", "{EBCE2136-A080-4BFC-A5E1-590E31684ACA}"
EndProject
Global
	GlobalSection(SolutionConfigurationPlatforms) = preSolution
		Debug|x64 = Debug|x64
		Debug|x86 = Debug|x86
		Release|x64 = Release|x64
		Release|x86 = Release|x86
	EndGlobalSection
	GlobalSection(ProjectConfigurationPlatforms) = postSolution
		{D8E79356-0AF9-4AB7-87DD-E5CE36EBDFFD}.Debug|x64.ActiveCfg = Debug|x64
		{D8E79356-0AF9-4AB7-87DD-E5CE36EBDFFD}.Debug|x64.Build.0 = Debug|x64
		{D8E79356-0AF9-4AB7-87DD-E5CE36EBDFFD}.Debug|x86.ActiveCfg = Debug|Win32
		{D8E79356-0AF9-4AB7-87DD-E5CE36EBDFFD}.Debug|x86.Build.0 = Debug|Win32
		{D8E79356-0AF9-4AB7-87DD-E5CE36EBDFFD}.Release|x64.ActiveCfg = Release|x64
		{D8E79356-0AF9-4AB7-87DD-E5CE36EBDFFD}.Release|x64.Build.0 = Release|x64
		{D8E79356-0AF9-4AB7-87DD-E5CE36EBDFFD}.Release|x86.ActiveCfg = Release|Win32
		{D8E79356-0AF9-4AB7-87DD-E5CE36EBDFFD}.Release|x86.Build.0 = Release|Win32
		{AF7EA230-316E-4E06-8483-59D0BC30EDFA}.Debug|x64.ActiveCfg = Debug|x64
		{AF7EA230-316E-4E06-8483-59D0BC30EDFA}.Debug|x64.Build.0 = Debug|x64
		{AF7EA230-316E-4E06-8483-59D0BC30EDFA}.Debug|x86.ActiveCfg = Debug|Win32
		{AF7EA230-316E-4E06-8483-59D0BC30EDFA}.Debug|x86.Build.0 = Debug|Win32
		{AF7EA230-316E-4E06-8483-59D0BC30EDFA}.Release|x64.ActiveCfg = Release|x64
		{AF7EA230-316E-4E06-8483-59D0BC30EDFA}.Release|x64.Build.0 = Release|x64
		{AF7EA230-316E-4E06-8483-59D0BC30EDFA}.Release|x86.ActiveCfg = Release|Win32
		{AF7EA230-316E-4E06-8483-59D0BC30EDFA}.Release|x86.Build.0 = Release|Win32
		{02666DE7-1CDD-481A-B920-73578DD21345}.Debug|x64.ActiveCfg = Debug|x64
		{02666DE7-1CDD-481A-B920-73578DD21345}.Debug|x64.Build.0 = Debug|x64
		{02666DE7-1CDD-481A-B920-73578DD21345}.Debug|x86.ActiveCfg = Debug|Win32
		{02666DE7-1CDD-481A-B920-73578DD21345}.Debug|x86.Build.0 = Debug|Win32
		{02666DE7-1CDD-481A-B920-73578DD21345}.Release|x64.ActiveCfg = Release|x64
		{02666DE7-1CDD-481A-B920-73578DD21345}.Release|x64.Build.0 = Release|x64
		{02666DE7-1CDD-481A-B920-73578DD21345}.Release|x86.ActiveCfg = Release|Win32
		{02666DE7-1CDD-481A-B920-73578DD21345}.Release|x86.Build.0 = Release|Win32
		{EBCE2136-A080-4BFC-A5E1-590E31684ACA}.Debug|x64.ActiveCfg = Debug|x64
		{EBCE2136-A080-4BFC-A5E1-590E31684ACA}.Debug|x64.Build.0 = Debug|x64
		{EBCE2136-A080-4BFC-A5E1-590E31684ACA}.Debug|x86.ActiveCfg = Debug|Win32
		{EBCE2136-A080-4BFC-A5E1-590E31684ACA}.Debug|x86.Build.0 = Debug|Win32
		{EBCE2136-A080-4BFC-A5E1-590E31684ACA}.Release|x64.ActiveCfg = Release|x64
		{EBCE2136-A080-4BFC-A5E1-590E31684ACA}.Release|x64.Build.0 = Release|x64
		{EBCE2136-A080-4BFC-A5E1-590E31684ACA}.Release|x86.ActiveCfg = Release|Win32
		{EBCE2136-A080-4BFC-A5E1-590E31684ACA}.Release|x86.Build.0 = Release|Win32
	EndGlobalSection
	GlobalSection(SolutionProperties) = preSolution
		HideSolutionNode = FALSE
	EndGlobalSection
	GlobalSection(ExtensibilityGlobals) = postSolution
		SolutionGuid = {DDB618C8-EA33-43B9-BEE8-7D235EE82DEC}
	EndGlobalSection
EndGlobal
